
Microsoft Visual Studio Solution File, Format Version 12.00
# Visual Studio 15
VisualStudioVersion = 15.0.27130.2036
MinimumVisualStudioVersion = 10.0.40219.1
Project("{FAE04EC0-301F-11D3-BF4B-00C04F79EFBC}") = "WhichPlatform", "WpfApp1\WhichPlatform.csproj", "{4227C1CF-552E-4BCD-BBB3-E9D859DF5CBF}"
EndProject
Global
	GlobalSection(SolutionConfigurationPlatforms) = preSolution
		Debug|Any CPU = Debug|Any CPU
		Debug|x64 = Debug|x64
		Debug|x86 = Debug|x86
		Release|Any CPU = Release|Any CPU
		Release|x64 = Release|x64
		Release|x86 = Release|x86
	EndGlobalSection
	GlobalSection(ProjectConfigurationPlatforms) = postSolution
		{4227C1CF-552E-4BCD-BBB3-E9D859DF5CBF}.Debug|Any CPU.ActiveCfg = Debug|Any CPU
		{4227C1CF-552E-4BCD-BBB3-E9D859DF5CBF}.Debug|Any CPU.Build.0 = Debug|Any CPU
		{4227C1CF-552E-4BCD-BBB3-E9D859DF5CBF}.Debug|x64.ActiveCfg = Debug|x64
		{4227C1CF-552E-4BCD-BBB3-E9D859DF5CBF}.Debug|x64.Build.0 = Debug|x64
		{4227C1CF-552E-4BCD-BBB3-E9D859DF5CBF}.Debug|x86.ActiveCfg = Debug|x86
		{4227C1CF-552E-4BCD-BBB3-E9D859DF5CBF}.Debug|x86.Build.0 = Debug|x86
		{4227C1CF-552E-4BCD-BBB3-E9D859DF5CBF}.Release|Any CPU.ActiveCfg = Release|Any CPU
		{4227C1CF-552E-4BCD-BBB3-E9D859DF5CBF}.Release|Any CPU.Build.0 = Release|Any CPU
		{4227C1CF-552E-4BCD-BBB3-E9D859DF5CBF}.Release|x64.ActiveCfg = Release|x64
		{4227C1CF-552E-4BCD-BBB3-E9D859DF5CBF}.Release|x64.Build.0 = Release|x64
		{4227C1CF-552E-4BCD-BBB3-E9D859DF5CBF}.Release|x86.ActiveCfg = Release|x86
		{4227C1CF-552E-4BCD-BBB3-E9D859DF5CBF}.Release|x86.Build.0 = Release|x86
	EndGlobalSection
	GlobalSection(SolutionProperties) = preSolution
		HideSolutionNode = FALSE
	EndGlobalSection
	GlobalSection(ExtensibilityGlobals) = postSolution
		SolutionGuid = {6B530B2E-5743-424A-AE44-EC6AA13C639F}
	EndGlobalSection
EndGlobal
